// !$*UTF8*$!
{
	archiveVersion = 1;
	classes = {
	};
	objectVersion = 46;
	objects = {

/* Begin PBXBuildFile section */
		ED5CF4521E0098CA00DCD481 /* AppDelegate.swift in Sources */ = {isa = PBXBuildFile; fileRef = ED5CF4511E0098CA00DCD481 /* AppDelegate.swift */; };
		ED5CF4541E0098CA00DCD481 /* ViewController.swift in Sources */ = {isa = PBXBuildFile; fileRef = ED5CF4531E0098CA00DCD481 /* ViewController.swift */; };
		ED5CF4571E0098CA00DCD481 /* Main.storyboard in Resources */ = {isa = PBXBuildFile; fileRef = ED5CF4551E0098CA00DCD481 /* Main.storyboard */; };
		ED5CF4591E0098CA00DCD481 /* Assets.xcassets in Resources */ = {isa = PBXBuildFile; fileRef = ED5CF4581E0098CA00DCD481 /* Assets.xcassets */; };
		ED5CF45C1E0098CA00DCD481 /* LaunchScreen.storyboard in Resources */ = {isa = PBXBuildFile; fileRef = ED5CF45A1E0098CA00DCD481 /* LaunchScreen.storyboard */; };
		ED60AFF81E3819D70013EAB8 /* board.png in Resources */ = {isa = PBXBuildFile; fileRef = ED60AFF51E3819D70013EAB8 /* board.png */; };
		ED60AFF91E3819D70013EAB8 /* cross.png in Resources */ = {isa = PBXBuildFile; fileRef = ED60AFF61E3819D70013EAB8 /* cross.png */; };
		ED60AFFA1E3819D70013EAB8 /* nought.png in Resources */ = {isa = PBXBuildFile; fileRef = ED60AFF71E3819D70013EAB8 /* nought.png */; };
/* End PBXBuildFile section */

/* Begin PBXFileReference section */
		ED5CF44E1E0098CA00DCD481 /* TicTacToe.app */ = {isa = PBXFileReference; explicitFileType = wrapper.application; includeInIndex = 0; path = TicTacToe.app; sourceTree = BUILT_PRODUCTS_DIR; };
		ED5CF4511E0098CA00DCD481 /* AppDelegate.swift */ = {isa = PBXFileReference; lastKnownFileType = sourcecode.swift; path = AppDelegate.swift; sourceTree = "<group>"; };
		ED5CF4531E0098CA00DCD481 /* ViewController.swift */ = {isa = PBXFileReference; lastKnownFileType = sourcecode.swift; path = ViewController.swift; sourceTree = "<group>"; };
		ED5CF4561E0098CA00DCD481 /* Base */ = {isa = PBXFileReference; lastKnownFileType = file.storyboard; name = Base; path = Base.lproj/Main.storyboard; sourceTree = "<group>"; };
		ED5CF4581E0098CA00DCD481 /* Assets.xcassets */ = {isa = PBXFileReference; lastKnownFileType = folder.assetcatalog; path = Assets.xcassets; sourceTree = "<group>"; };
		ED5CF45B1E0098CA00DCD481 /* Base */ = {isa = PBXFileReference; lastKnownFileType = file.storyboard; name = Base; path = Base.lproj/LaunchScreen.storyboard; sourceTree = "<group>"; };
		ED5CF45D1E0098CA00DCD481 /* Info.plist */ = {isa = PBXFileReference; lastKnownFileType = text.plist.xml; path = Info.plist; sourceTree = "<group>"; };
		ED60AFF51E3819D70013EAB8 /* board.png */ = {isa = PBXFileReference; lastKnownFileType = image.png; name = board.png; path = ../../../Downloads/board.png; sourceTree = "<group>"; };
		ED60AFF61E3819D70013EAB8 /* cross.png */ = {isa = PBXFileReference; lastKnownFileType = image.png; name = cross.png; path = ../../../Downloads/cross.png; sourceTree = "<group>"; };
		ED60AFF71E3819D70013EAB8 /* nought.png */ = {isa = PBXFileReference; lastKnownFileType = image.png; name = nought.png; path = ../../../Downloads/nought.png; sourceTree = "<group>"; };
/* End PBXFileReference section */

/* Begin PBXFrameworksBuildPhase section */
		ED5CF44B1E0098CA00DCD481 /* Frameworks */ = {
			isa = PBXFrameworksBuildPhase;
			buildActionMask = 2147483647;
			files = (
			);
			runOnlyForDeploymentPostprocessing = 0;
		};
/* End PBXFrameworksBuildPhase section */

/* Begin PBXGroup section */
		ED5CF4451E0098CA00DCD481 = {
			isa = PBXGroup;
			children = (
				ED5CF4501E0098CA00DCD481 /* TicTacToe */,
				ED5CF44F1E0098CA00DCD481 /* Products */,
			);
			sourceTree = "<group>";
		};
		ED5CF44F1E0098CA00DCD481 /* Products */ = {
			isa = PBXGroup;
			children = (
				ED5CF44E1E0098CA00DCD481 /* TicTacToe.app */,
			);
			name = Products;
			sourceTree = "<group>";
		};
		ED5CF4501E0098CA00DCD481 /* TicTacToe */ = {
			isa = PBXGroup;
			children = (
				ED5CF4511E0098CA00DCD481 /* AppDelegate.swift */,
				ED5CF4531E0098CA00DCD481 /* ViewController.swift */,
				ED5CF4551E0098CA00DCD481 /* Main.storyboard */,
				ED60AFF51E3819D70013EAB8 /* board.png */,
				ED60AFF61E3819D70013EAB8 /* cross.png */,
				ED60AFF71E3819D70013EAB8 /* nought.png */,
				ED5CF4581E0098CA00DCD481 /* Assets.xcassets */,
				ED5CF45A1E0098CA00DCD481 /* LaunchScreen.storyboard */,
				ED5CF45D1E0098CA00DCD481 /* Info.plist */,
			);
			path = TicTacToe;
			sourceTree = "<group>";
		};
/* End PBXGroup section */

/* Begin PBXNativeTarget section */
		ED5CF44D1E0098CA00DCD481 /* TicTacToe */ = {
			isa = PBXNativeTarget;
			buildConfigurationList = ED5CF4601E0098CA00DCD481 /* Build configuration list for PBXNativeTarget "TicTacToe" */;
			buildPhases = (
				ED5CF44A1E0098CA00DCD481 /* Sources */,
				ED5CF44B1E0098CA00DCD481 /* Frameworks */,
				ED5CF44C1E0098CA00DCD481 /* Resources */,
			);
			buildRules = (
			);
			dependencies = (
			);
			name = TicTacToe;
			productName = TicTacToe;
			productReference = ED5CF44E1E0098CA00DCD481 /* TicTacToe.app */;
			productType = "com.apple.product-type.application";
		};
/* End PBXNativeTarget section */

/* Begin PBXProject section */
		ED5CF4461E0098CA00DCD481 /* Project object */ = {
			isa = PBXProject;
			attributes = {
				LastSwiftUpdateCheck = 0820;
				LastUpgradeCheck = 0820;
				ORGANIZATIONNAME = "Tad Donaghe";
				TargetAttributes = {
					ED5CF44D1E0098CA00DCD481 = {
						CreatedOnToolsVersion = 8.2;
						ProvisioningStyle = Automatic;
					};
				};
			};
			buildConfigurationList = ED5CF4491E0098CA00DCD481 /* Build configuration list for PBXProject "TicTacToe" */;
			compatibilityVersion = "Xcode 3.2";
			developmentRegion = English;
			hasScannedForEncodings = 0;
			knownRegions = (
				en,
				Base,
			);
			mainGroup = ED5CF4451E0098CA00DCD481;
			productRefGroup = ED5CF44F1E0098CA00DCD481 /* Products */;
			projectDirPath = "";
			projectRoot = "";
			targets = (
				ED5CF44D1E0098CA00DCD481 /* TicTacToe */,
			);
		};
/* End PBXProject section */

/* Begin PBXResourcesBuildPhase section */
		ED5CF44C1E0098CA00DCD481 /* Resources */ = {
			isa = PBXResourcesBuildPhase;
			buildActionMask = 2147483647;
			files = (
				ED60AFF91E3819D70013EAB8 /* cross.png in Resources */,
				ED60AFF81E3819D70013EAB8 /* board.png in Resources */,
				ED60AFFA1E3819D70013EAB8 /* nought.png in Resources */,
				ED5CF45C1E0098CA00DCD481 /* LaunchScreen.storyboard in Resources */,
				ED5CF4591E0098CA00DCD481 /* Assets.xcassets in Resources */,
				ED5CF4571E0098CA00DCD481 /* Main.storyboard in Resources */,
			);
			runOnlyForDeploymentPostprocessing = 0;
		};
/* End PBXResourcesBuildPhase section */

/* Begin PBXSourcesBuildPhase section */
		ED5CF44A1E0098CA00DCD481 /* Sources */ = {
			isa = PBXSourcesBuildPhase;
			buildActionMask = 2147483647;
			files = (
				ED5CF4541E0098CA00DCD481 /* ViewController.swift in Sources */,
				ED5CF4521E0098CA00DCD481 /* AppDelegate.swift in Sources */,
			);
			runOnlyForDeploymentPostprocessing = 0;
		};
/* End PBXSourcesBuildPhase section */

/* Begin PBXVariantGroup section */
		ED5CF4551E0098CA00DCD481 /* Main.storyboard */ = {
			isa = PBXVariantGroup;
			children = (
				ED5CF4561E0098CA00DCD481 /* Base */,
			);
			name = Main.storyboard;
			sourceTree = "<group>";
		};
		ED5CF45A1E0098CA00DCD481 /* LaunchScreen.storyboard */ = {
			isa = PBXVariantGroup;
			children = (
				ED5CF45B1E0098CA00DCD481 /* Base */,
			);
			name = LaunchScreen.storyboard;
			sourceTree = "<group>";
		};
/* End PBXVariantGroup section */

/* Begin XCBuildConfiguration section */
		ED5CF45E1E0098CA00DCD481 /* Debug */ = {
			isa = XCBuildConfiguration;
			buildSettings = {
				ALWAYS_SEARCH_USER_PATHS = NO;
				CLANG_ANALYZER_NONNULL = YES;
				CLANG_CXX_LANGUAGE_STANDARD = "gnu++0x";
				CLANG_CXX_LIBRARY = "libc++";
				CLANG_ENABLE_MODULES = YES;
				CLANG_ENABLE_OBJC_ARC = YES;
				CLANG_WARN_BOOL_CONVERSION = YES;
				CLANG_WARN_CONSTANT_CONVERSION = YES;
				CLANG_WARN_DIRECT_OBJC_ISA_USAGE = YES_ERROR;
				CLANG_WARN_DOCUMENTATION_COMMENTS = YES;
				CLANG_WARN_EMPTY_BODY = YES;
				CLANG_WARN_ENUM_CONVERSION = YES;
				CLANG_WARN_INFINITE_RECURSION = YES;
				CLANG_WARN_INT_CONVERSION = YES;
				CLANG_WARN_OBJC_ROOT_CLASS = YES_ERROR;
				CLANG_WARN_SUSPICIOUS_MOVE = YES;
				CLANG_WARN_UNREACHABLE_CODE = YES;
				CLANG_WARN__DUPLICATE_METHOD_MATCH = YES;
				"CODE_SIGN_IDENTITY[sdk=iphoneos*]" = "iPhone Developer";
				COPY_PHASE_STRIP = NO;
				DEBUG_INFORMATION_FORMAT = dwarf;
				ENABLE_STRICT_OBJC_MSGSEND = YES;
				ENABLE_TESTABILITY = YES;
				GCC_C_LANGUAGE_STANDARD = gnu99;
				GCC_DYNAMIC_NO_PIC = NO;
				GCC_NO_COMMON_BLOCKS = YES;
				GCC_OPTIMIZATION_LEVEL = 0;
				GCC_PREPROCESSOR_DEFINITIONS = (
					"DEBUG=1",
					"$(inherited)",
				);
				GCC_WARN_64_TO_32_BIT_CONVERSION = YES;
				GCC_WARN_ABOUT_RETURN_TYPE = YES_ERROR;
				GCC_WARN_UNDECLARED_SELECTOR = YES;
				GCC_WARN_UNINITIALIZED_AUTOS = YES_AGGRESSIVE;
				GCC_WARN_UNUSED_FUNCTION = YES;
				GCC_WARN_UNUSED_VARIABLE = YES;
				IPHONEOS_DEPLOYMENT_TARGET = 10.2;
				MTL_ENABLE_DEBUG_INFO = YES;
				ONLY_ACTIVE_ARCH = YES;
				SDKROOT = iphoneos;
				SWIFT_ACTIVE_COMPILATION_CONDITIONS = DEBUG;
				SWIFT_OPTIMIZATION_LEVEL = "-Onone";
				TARGETED_DEVICE_FAMILY = "1,2";
			};
			name = Debug;
		};
		ED5CF45F1E0098CA00DCD481 /* Release */ = {
			isa = XCBuildConfiguration;
			buildSettings = {
				ALWAYS_SEARCH_USER_PATHS = NO;
				CLANG_ANALYZER_NONNULL = YES;
				CLANG_CXX_LANGUAGE_STANDARD = "gnu++0x";
				CLANG_CXX_LIBRARY = "libc++";
				CLANG_ENABLE_MODULES = YES;
				CLANG_ENABLE_OBJC_ARC = YES;
				CLANG_WARN_BOOL_CONVERSION = YES;
				CLANG_WARN_CONSTANT_CONVERSION = YES;
				CLANG_WARN_DIRECT_OBJC_ISA_USAGE = YES_ERROR;
				CLANG_WARN_DOCUMENTATION_COMMENTS = YES;
				CLANG_WARN_EMPTY_BODY = YES;
				CLANG_WARN_ENUM_CONVERSION = YES;
				CLANG_WARN_INFINITE_RECURSION = YES;
				CLANG_WARN_INT_CONVERSION = YES;
				CLANG_WARN_OBJC_ROOT_CLASS = YES_ERROR;
				CLANG_WARN_SUSPICIOUS_MOVE = YES;
				CLANG_WARN_UNREACHABLE_CODE = YES;
				CLANG_WARN__DUPLICATE_METHOD_MATCH = YES;
				"CODE_SIGN_IDENTITY[sdk=iphoneos*]" = "iPhone Developer";
				COPY_PHASE_STRIP = NO;
				DEBUG_INFORMATION_FORMAT = "dwarf-with-dsym";
				ENABLE_NS_ASSERTIONS = NO;
				ENABLE_STRICT_OBJC_MSGSEND = YES;
				GCC_C_LANGUAGE_STANDARD = gnu99;
				GCC_NO_COMMON_BLOCKS = YES;
				GCC_WARN_64_TO_32_BIT_CONVERSION = YES;
				GCC_WARN_ABOUT_RETURN_TYPE = YES_ERROR;
				GCC_WARN_UNDECLARED_SELECTOR = YES;
				GCC_WARN_UNINITIALIZED_AUTOS = YES_AGGRESSIVE;
				GCC_WARN_UNUSED_FUNCTION = YES;
				GCC_WARN_UNUSED_VARIABLE = YES;
				IPHONEOS_DEPLOYMENT_TARGET = 10.2;
				MTL_ENABLE_DEBUG_INFO = NO;
				SDKROOT = iphoneos;
				SWIFT_OPTIMIZATION_LEVEL = "-Owholemodule";
				TARGETED_DEVICE_FAMILY = "1,2";
				VALIDATE_PRODUCT = YES;
			};
			name = Release;
		};
		ED5CF4611E0098CA00DCD481 /* Debug */ = {
			isa = XCBuildConfiguration;
			buildSettings = {
				ASSETCATALOG_COMPILER_APPICON_NAME = AppIcon;
				INFOPLIST_FILE = TicTacToe/Info.plist;
				LD_RUNPATH_SEARCH_PATHS = "$(inherited) @executable_path/Frameworks";
				PRODUCT_BUNDLE_IDENTIFIER = donaghe.TicTacToe;
				PRODUCT_NAME = "$(TARGET_NAME)";
				SWIFT_VERSION = 3.0;
			};
			name = Debug;
		};
		ED5CF4621E0098CA00DCD481 /* Release */ = {
			isa = XCBuildConfiguration;
			buildSettings = {
				ASSETCATALOG_COMPILER_APPICON_NAME = AppIcon;
				INFOPLIST_FILE = TicTacToe/Info.plist;
				LD_RUNPATH_SEARCH_PATHS = "$(inherited) @executable_path/Frameworks";
				PRODUCT_BUNDLE_IDENTIFIER = donaghe.TicTacToe;
				PRODUCT_NAME = "$(TARGET_NAME)";
				SWIFT_VERSION = 3.0;
			};
			name = Release;
		};
/* End XCBuildConfiguration section */

/* Begin XCConfigurationList section */
		ED5CF4491E0098CA00DCD481 /* Build configuration list for PBXProject "TicTacToe" */ = {
			isa = XCConfigurationList;
			buildConfigurations = (
				ED5CF45E1E0098CA00DCD481 /* Debug */,
				ED5CF45F1E0098CA00DCD481 /* Release */,
			);
			defaultConfigurationIsVisible = 0;
			defaultConfigurationName = Release;
		};
		ED5CF4601E0098CA00DCD481 /* Build configuration list for PBXNativeTarget "TicTacToe" */ = {
			isa = XCConfigurationList;
			buildConfigurations = (
				ED5CF4611E0098CA00DCD481 /* Debug */,
				ED5CF4621E0098CA00DCD481 /* Release */,
			);
			defaultConfigurationIsVisible = 0;
			defaultConfigurationName = Release;
		};
/* End XCConfigurationList section */
	};
	rootObject = ED5CF4461E0098CA00DCD481 /* Project object */;
}
